// !$*UTF8*$!
{
	archiveVersion = 1;
	classes = {
	};
	objectVersion = 50;
	objects = {

/* Begin PBXBuildFile section */
		1DD87AED241A6B6E00271223 /* AppDelegate.swift in Sources */ = {isa = PBXBuildFile; fileRef = 1DD87AEC241A6B6E00271223 /* AppDelegate.swift */; };
		1DD87AEF241A6B6E00271223 /* SceneDelegate.swift in Sources */ = {isa = PBXBuildFile; fileRef = 1DD87AEE241A6B6E00271223 /* SceneDelegate.swift */; };
		1DD87AF1241A6B6E00271223 /* ViewController.swift in Sources */ = {isa = PBXBuildFile; fileRef = 1DD87AF0241A6B6E00271223 /* ViewController.swift */; };
		1DD87AF4241A6B6E00271223 /* Main.storyboard in Resources */ = {isa = PBXBuildFile; fileRef = 1DD87AF2241A6B6E00271223 /* Main.storyboard */; };
		1DD87AF6241A6B6F00271223 /* Assets.xcassets in Resources */ = {isa = PBXBuildFile; fileRef = 1DD87AF5241A6B6F00271223 /* Assets.xcassets */; };
		1DD87AF9241A6B6F00271223 /* LaunchScreen.storyboard in Resources */ = {isa = PBXBuildFile; fileRef = 1DD87AF7241A6B6F00271223 /* LaunchScreen.storyboard */; };
/* End PBXBuildFile section */

/* Begin PBXFileReference section */
		1DD87AE9241A6B6E00271223 /* IML Malaria.app */ = {isa = PBXFileReference; explicitFileType = wrapper.application; includeInIndex = 0; path = "IML Malaria.app"; sourceTree = BUILT_PRODUCTS_DIR; };
		1DD87AEC241A6B6E00271223 /* AppDelegate.swift */ = {isa = PBXFileReference; lastKnownFileType = sourcecode.swift; path = AppDelegate.swift; sourceTree = "<group>"; };
		1DD87AEE241A6B6E00271223 /* SceneDelegate.swift */ = {isa = PBXFileReference; lastKnownFileType = sourcecode.swift; path = SceneDelegate.swift; sourceTree = "<group>"; };
		1DD87AF0241A6B6E00271223 /* ViewController.swift */ = {isa = PBXFileReference; lastKnownFileType = sourcecode.swift; path = ViewController.swift; sourceTree = "<group>"; };
		1DD87AF3241A6B6E00271223 /* Base */ = {isa = PBXFileReference; lastKnownFileType = file.storyboard; name = Base; path = Base.lproj/Main.storyboard; sourceTree = "<group>"; };
		1DD87AF5241A6B6F00271223 /* Assets.xcassets */ = {isa = PBXFileReference; lastKnownFileType = folder.assetcatalog; path = Assets.xcassets; sourceTree = "<group>"; };
		1DD87AF8241A6B6F00271223 /* Base */ = {isa = PBXFileReference; lastKnownFileType = file.storyboard; name = Base; path = Base.lproj/LaunchScreen.storyboard; sourceTree = "<group>"; };
		1DD87AFA241A6B6F00271223 /* Info.plist */ = {isa = PBXFileReference; lastKnownFileType = text.plist.xml; path = Info.plist; sourceTree = "<group>"; };
/* End PBXFileReference section */

/* Begin PBXFrameworksBuildPhase section */
		1DD87AE6241A6B6E00271223 /* Frameworks */ = {
			isa = PBXFrameworksBuildPhase;
			buildActionMask = 2147483647;
			files = (
			);
			runOnlyForDeploymentPostprocessing = 0;
		};
/* End PBXFrameworksBuildPhase section */

/* Begin PBXGroup section */
		1DD87AE0241A6B6E00271223 = {
			isa = PBXGroup;
			children = (
				1DD87AEB241A6B6E00271223 /* IML Malaria */,
				1DD87AEA241A6B6E00271223 /* Products */,
			);
			sourceTree = "<group>";
		};
		1DD87AEA241A6B6E00271223 /* Products */ = {
			isa = PBXGroup;
			children = (
				1DD87AE9241A6B6E00271223 /* IML Malaria.app */,
			);
			name = Products;
			sourceTree = "<group>";
		};
		1DD87AEB241A6B6E00271223 /* IML Malaria */ = {
			isa = PBXGroup;
			children = (
				1DD87AEC241A6B6E00271223 /* AppDelegate.swift */,
				1DD87AEE241A6B6E00271223 /* SceneDelegate.swift */,
				1DD87AF0241A6B6E00271223 /* ViewController.swift */,
				1DD87AF2241A6B6E00271223 /* Main.storyboard */,
				1DD87AF5241A6B6F00271223 /* Assets.xcassets */,
				1DD87AF7241A6B6F00271223 /* LaunchScreen.storyboard */,
				1DD87AFA241A6B6F00271223 /* Info.plist */,
			);
			path = "IML Malaria";
			sourceTree = "<group>";
		};
/* End PBXGroup section */

/* Begin PBXNativeTarget section */
		1DD87AE8241A6B6E00271223 /* IML Malaria */ = {
			isa = PBXNativeTarget;
			buildConfigurationList = 1DD87AFD241A6B6F00271223 /* Build configuration list for PBXNativeTarget "IML Malaria" */;
			buildPhases = (
				1DD87AE5241A6B6E00271223 /* Sources */,
				1DD87AE6241A6B6E00271223 /* Frameworks */,
				1DD87AE7241A6B6E00271223 /* Resources */,
			);
			buildRules = (
			);
			dependencies = (
			);
			name = "IML Malaria";
			productName = "IML Malaria";
			productReference = 1DD87AE9241A6B6E00271223 /* IML Malaria.app */;
			productType = "com.apple.product-type.application";
		};
/* End PBXNativeTarget section */

/* Begin PBXProject section */
		1DD87AE1241A6B6E00271223 /* Project object */ = {
			isa = PBXProject;
			attributes = {
				LastSwiftUpdateCheck = 1120;
				LastUpgradeCheck = 1120;
				ORGANIZATIONNAME = "Neberox Technologies";
				TargetAttributes = {
					1DD87AE8241A6B6E00271223 = {
						CreatedOnToolsVersion = 11.2.1;
					};
				};
			};
			buildConfigurationList = 1DD87AE4241A6B6E00271223 /* Build configuration list for PBXProject "IML Malaria" */;
			compatibilityVersion = "Xcode 9.3";
			developmentRegion = en;
			hasScannedForEncodings = 0;
			knownRegions = (
				en,
				Base,
			);
			mainGroup = 1DD87AE0241A6B6E00271223;
			productRefGroup = 1DD87AEA241A6B6E00271223 /* Products */;
			projectDirPath = "";
			projectRoot = "";
			targets = (
				1DD87AE8241A6B6E00271223 /* IML Malaria */,
			);
		};
/* End PBXProject section */

/* Begin PBXResourcesBuildPhase section */
		1DD87AE7241A6B6E00271223 /* Resources */ = {
			isa = PBXResourcesBuildPhase;
			buildActionMask = 2147483647;
			files = (
				1DD87AF9241A6B6F00271223 /* LaunchScreen.storyboard in Resources */,
				1DD87AF6241A6B6F00271223 /* Assets.xcassets in Resources */,
				1DD87AF4241A6B6E00271223 /* Main.storyboard in Resources */,
			);
			runOnlyForDeploymentPostprocessing = 0;
		};
/* End PBXResourcesBuildPhase section */

/* Begin PBXSourcesBuildPhase section */
		1DD87AE5241A6B6E00271223 /* Sources */ = {
			isa = PBXSourcesBuildPhase;
			buildActionMask = 2147483647;
			files = (
				1DD87AF1241A6B6E00271223 /* ViewController.swift in Sources */,
				1DD87AED241A6B6E00271223 /* AppDelegate.swift in Sources */,
				1DD87AEF241A6B6E00271223 /* SceneDelegate.swift in Sources */,
			);
			runOnlyForDeploymentPostprocessing = 0;
		};
/* End PBXSourcesBuildPhase section */

/* Begin PBXVariantGroup section */
		1DD87AF2241A6B6E00271223 /* Main.storyboard */ = {
			isa = PBXVariantGroup;
			children = (
				1DD87AF3241A6B6E00271223 /* Base */,
			);
			name = Main.storyboard;
			sourceTree = "<group>";
		};
		1DD87AF7241A6B6F00271223 /* LaunchScreen.storyboard */ = {
			isa = PBXVariantGroup;
			children = (
				1DD87AF8241A6B6F00271223 /* Base */,
			);
			name = LaunchScreen.storyboard;
			sourceTree = "<group>";
		};
/* End PBXVariantGroup section */

/* Begin XCBuildConfiguration section */
		1DD87AFB241A6B6F00271223 /* Debug */ = {
			isa = XCBuildConfiguration;
			buildSettings = {
				ALWAYS_SEARCH_USER_PATHS = NO;
				CLANG_ANALYZER_NONNULL = YES;
				CLANG_ANALYZER_NUMBER_OBJECT_CONVERSION = YES_AGGRESSIVE;
				CLANG_CXX_LANGUAGE_STANDARD = "gnu++14";
				CLANG_CXX_LIBRARY = "libc++";
				CLANG_ENABLE_MODULES = YES;
				CLANG_ENABLE_OBJC_ARC = YES;
				CLANG_ENABLE_OBJC_WEAK = YES;
				CLANG_WARN_BLOCK_CAPTURE_AUTORELEASING = YES;
				CLANG_WARN_BOOL_CONVERSION = YES;
				CLANG_WARN_COMMA = YES;
				CLANG_WARN_CONSTANT_CONVERSION = YES;
				CLANG_WARN_DEPRECATED_OBJC_IMPLEMENTATIONS = YES;
				CLANG_WARN_DIRECT_OBJC_ISA_USAGE = YES_ERROR;
				CLANG_WARN_DOCUMENTATION_COMMENTS = YES;
				CLANG_WARN_EMPTY_BODY = YES;
				CLANG_WARN_ENUM_CONVERSION = YES;
				CLANG_WARN_INFINITE_RECURSION = YES;
				CLANG_WARN_INT_CONVERSION = YES;
				CLANG_WARN_NON_LITERAL_NULL_CONVERSION = YES;
				CLANG_WARN_OBJC_IMPLICIT_RETAIN_SELF = YES;
				CLANG_WARN_OBJC_LITERAL_CONVERSION = YES;
				CLANG_WARN_OBJC_ROOT_CLASS = YES_ERROR;
				CLANG_WARN_RANGE_LOOP_ANALYSIS = YES;
				CLANG_WARN_STRICT_PROTOTYPES = YES;
				CLANG_WARN_SUSPICIOUS_MOVE = YES;
				CLANG_WARN_UNGUARDED_AVAILABILITY = YES_AGGRESSIVE;
				CLANG_WARN_UNREACHABLE_CODE = YES;
				CLANG_WARN__DUPLICATE_METHOD_MATCH = YES;
				COPY_PHASE_STRIP = NO;
				DEBUG_INFORMATION_FORMAT = dwarf;
				ENABLE_STRICT_OBJC_MSGSEND = YES;
				ENABLE_TESTABILITY = YES;
				GCC_C_LANGUAGE_STANDARD = gnu11;
				GCC_DYNAMIC_NO_PIC = NO;
				GCC_NO_COMMON_BLOCKS = YES;
				GCC_OPTIMIZATION_LEVEL = 0;
				GCC_PREPROCESSOR_DEFINITIONS = (
					"DEBUG=1",
					"$(inherited)",
				);
				GCC_WARN_64_TO_32_BIT_CONVERSION = YES;
				GCC_WARN_ABOUT_RETURN_TYPE = YES_ERROR;
				GCC_WARN_UNDECLARED_SELECTOR = YES;
				GCC_WARN_UNINITIALIZED_AUTOS = YES_AGGRESSIVE;
				GCC_WARN_UNUSED_FUNCTION = YES;
				GCC_WARN_UNUSED_VARIABLE = YES;
				IPHONEOS_DEPLOYMENT_TARGET = 13.2;
				MTL_ENABLE_DEBUG_INFO = INCLUDE_SOURCE;
				MTL_FAST_MATH = YES;
				ONLY_ACTIVE_ARCH = YES;
				SDKROOT = iphoneos;
				SWIFT_ACTIVE_COMPILATION_CONDITIONS = DEBUG;
				SWIFT_OPTIMIZATION_LEVEL = "-Onone";
			};
			name = Debug;
		};
		1DD87AFC241A6B6F00271223 /* Release */ = {
			isa = XCBuildConfiguration;
			buildSettings = {
				ALWAYS_SEARCH_USER_PATHS = NO;
				CLANG_ANALYZER_NONNULL = YES;
				CLANG_ANALYZER_NUMBER_OBJECT_CONVERSION = YES_AGGRESSIVE;
				CLANG_CXX_LANGUAGE_STANDARD = "gnu++14";
				CLANG_CXX_LIBRARY = "libc++";
				CLANG_ENABLE_MODULES = YES;
				CLANG_ENABLE_OBJC_ARC = YES;
				CLANG_ENABLE_OBJC_WEAK = YES;
				CLANG_WARN_BLOCK_CAPTURE_AUTORELEASING = YES;
				CLANG_WARN_BOOL_CONVERSION = YES;
				CLANG_WARN_COMMA = YES;
				CLANG_WARN_CONSTANT_CONVERSION = YES;
				CLANG_WARN_DEPRECATED_OBJC_IMPLEMENTATIONS = YES;
				CLANG_WARN_DIRECT_OBJC_ISA_USAGE = YES_ERROR;
				CLANG_WARN_DOCUMENTATION_COMMENTS = YES;
				CLANG_WARN_EMPTY_BODY = YES;
				CLANG_WARN_ENUM_CONVERSION = YES;
				CLANG_WARN_INFINITE_RECURSION = YES;
				CLANG_WARN_INT_CONVERSION = YES;
				CLANG_WARN_NON_LITERAL_NULL_CONVERSION = YES;
				CLANG_WARN_OBJC_IMPLICIT_RETAIN_SELF = YES;
				CLANG_WARN_OBJC_LITERAL_CONVERSION = YES;
				CLANG_WARN_OBJC_ROOT_CLASS = YES_ERROR;
				CLANG_WARN_RANGE_LOOP_ANALYSIS = YES;
				CLANG_WARN_STRICT_PROTOTYPES = YES;
				CLANG_WARN_SUSPICIOUS_MOVE = YES;
				CLANG_WARN_UNGUARDED_AVAILABILITY = YES_AGGRESSIVE;
				CLANG_WARN_UNREACHABLE_CODE = YES;
				CLANG_WARN__DUPLICATE_METHOD_MATCH = YES;
				COPY_PHASE_STRIP = NO;
				DEBUG_INFORMATION_FORMAT = "dwarf-with-dsym";
				ENABLE_NS_ASSERTIONS = NO;
				ENABLE_STRICT_OBJC_MSGSEND = YES;
				GCC_C_LANGUAGE_STANDARD = gnu11;
				GCC_NO_COMMON_BLOCKS = YES;
				GCC_WARN_64_TO_32_BIT_CONVERSION = YES;
				GCC_WARN_ABOUT_RETURN_TYPE = YES_ERROR;
				GCC_WARN_UNDECLARED_SELECTOR = YES;
				GCC_WARN_UNINITIALIZED_AUTOS = YES_AGGRESSIVE;
				GCC_WARN_UNUSED_FUNCTION = YES;
				GCC_WARN_UNUSED_VARIABLE = YES;
				IPHONEOS_DEPLOYMENT_TARGET = 13.2;
				MTL_ENABLE_DEBUG_INFO = NO;
				MTL_FAST_MATH = YES;
				SDKROOT = iphoneos;
				SWIFT_COMPILATION_MODE = wholemodule;
				SWIFT_OPTIMIZATION_LEVEL = "-O";
				VALIDATE_PRODUCT = YES;
			};
			name = Release;
		};
		1DD87AFE241A6B6F00271223 /* Debug */ = {
			isa = XCBuildConfiguration;
			buildSettings = {
				ASSETCATALOG_COMPILER_APPICON_NAME = AppIcon;
				CODE_SIGN_STYLE = Automatic;
				DEVELOPMENT_TEAM = L3FH4FF9HJ;
				INFOPLIST_FILE = "IML Malaria/Info.plist";
				LD_RUNPATH_SEARCH_PATHS = (
					"$(inherited)",
					"@executable_path/Frameworks",
				);
				PRODUCT_BUNDLE_IDENTIFIER = "com.neberox.app.IML-Malaria";
				PRODUCT_NAME = "$(TARGET_NAME)";
				SWIFT_VERSION = 5.0;
				TARGETED_DEVICE_FAMILY = "1,2";
			};
			name = Debug;
		};
		1DD87AFF241A6B6F00271223 /* Release */ = {
			isa = XCBuildConfiguration;
			buildSettings = {
				ASSETCATALOG_COMPILER_APPICON_NAME = AppIcon;
				CODE_SIGN_STYLE = Automatic;
				DEVELOPMENT_TEAM = L3FH4FF9HJ;
				INFOPLIST_FILE = "IML Malaria/Info.plist";
				LD_RUNPATH_SEARCH_PATHS = (
					"$(inherited)",
					"@executable_path/Frameworks",
				);
				PRODUCT_BUNDLE_IDENTIFIER = "com.neberox.app.IML-Malaria";
				PRODUCT_NAME = "$(TARGET_NAME)";
				SWIFT_VERSION = 5.0;
				TARGETED_DEVICE_FAMILY = "1,2";
			};
			name = Release;
		};
/* End XCBuildConfiguration section */

/* Begin XCConfigurationList section */
		1DD87AE4241A6B6E00271223 /* Build configuration list for PBXProject "IML Malaria" */ = {
			isa = XCConfigurationList;
			buildConfigurations = (
				1DD87AFB241A6B6F00271223 /* Debug */,
				1DD87AFC241A6B6F00271223 /* Release */,
			);
			defaultConfigurationIsVisible = 0;
			defaultConfigurationName = Release;
		};
		1DD87AFD241A6B6F00271223 /* Build configuration list for PBXNativeTarget "IML Malaria" */ = {
			isa = XCConfigurationList;
			buildConfigurations = (
				1DD87AFE241A6B6F00271223 /* Debug */,
				1DD87AFF241A6B6F00271223 /* Release */,
			);
			defaultConfigurationIsVisible = 0;
			defaultConfigurationName = Release;
		};
/* End XCConfigurationList section */
	};
	rootObject = 1DD87AE1241A6B6E00271223 /* Project object */;
}
